// !$*UTF8*$!
{
	archiveVersion = 1;
	classes = {
	};
	objectVersion = 50;
	objects = {

/* Begin PBXBuildFile section */
		03996FCE256C3BF100439252 /* AppDelegate.swift in Sources */ = {isa = PBXBuildFile; fileRef = 03996FCD256C3BF100439252 /* AppDelegate.swift */; };
		03996FD0256C3BF100439252 /* SceneDelegate.swift in Sources */ = {isa = PBXBuildFile; fileRef = 03996FCF256C3BF100439252 /* SceneDelegate.swift */; };
		03996FD2256C3BF100439252 /* ViewController.swift in Sources */ = {isa = PBXBuildFile; fileRef = 03996FD1256C3BF100439252 /* ViewController.swift */; };
		03996FD5256C3BF100439252 /* Main.storyboard in Resources */ = {isa = PBXBuildFile; fileRef = 03996FD3256C3BF100439252 /* Main.storyboard */; };
		03996FD7256C3BF100439252 /* Assets.xcassets in Resources */ = {isa = PBXBuildFile; fileRef = 03996FD6256C3BF100439252 /* Assets.xcassets */; };
		03996FDA256C3BF100439252 /* LaunchScreen.storyboard in Resources */ = {isa = PBXBuildFile; fileRef = 03996FD8256C3BF100439252 /* LaunchScreen.storyboard */; };
		03996FE5256C3BF100439252 /* tipTests.swift in Sources */ = {isa = PBXBuildFile; fileRef = 03996FE4256C3BF100439252 /* tipTests.swift */; };
		03996FF0256C3BF100439252 /* tipUITests.swift in Sources */ = {isa = PBXBuildFile; fileRef = 03996FEF256C3BF100439252 /* tipUITests.swift */; };
/* End PBXBuildFile section */

/* Begin PBXContainerItemProxy section */
		03996FE1256C3BF100439252 /* PBXContainerItemProxy */ = {
			isa = PBXContainerItemProxy;
			containerPortal = 03996FC2256C3BF000439252 /* Project object */;
			proxyType = 1;
			remoteGlobalIDString = 03996FC9256C3BF000439252;
			remoteInfo = tip;
		};
		03996FEC256C3BF100439252 /* PBXContainerItemProxy */ = {
			isa = PBXContainerItemProxy;
			containerPortal = 03996FC2256C3BF000439252 /* Project object */;
			proxyType = 1;
			remoteGlobalIDString = 03996FC9256C3BF000439252;
			remoteInfo = tip;
		};
/* End PBXContainerItemProxy section */

/* Begin PBXFileReference section */
		03996FCA256C3BF000439252 /* tip.app */ = {isa = PBXFileReference; explicitFileType = wrapper.application; includeInIndex = 0; path = tip.app; sourceTree = BUILT_PRODUCTS_DIR; };
		03996FCD256C3BF100439252 /* AppDelegate.swift */ = {isa = PBXFileReference; lastKnownFileType = sourcecode.swift; path = AppDelegate.swift; sourceTree = "<group>"; };
		03996FCF256C3BF100439252 /* SceneDelegate.swift */ = {isa = PBXFileReference; lastKnownFileType = sourcecode.swift; path = SceneDelegate.swift; sourceTree = "<group>"; };
		03996FD1256C3BF100439252 /* ViewController.swift */ = {isa = PBXFileReference; lastKnownFileType = sourcecode.swift; path = ViewController.swift; sourceTree = "<group>"; };
		03996FD4256C3BF100439252 /* Base */ = {isa = PBXFileReference; lastKnownFileType = file.storyboard; name = Base; path = Base.lproj/Main.storyboard; sourceTree = "<group>"; };
		03996FD6256C3BF100439252 /* Assets.xcassets */ = {isa = PBXFileReference; lastKnownFileType = folder.assetcatalog; path = Assets.xcassets; sourceTree = "<group>"; };
		03996FD9256C3BF100439252 /* Base */ = {isa = PBXFileReference; lastKnownFileType = file.storyboard; name = Base; path = Base.lproj/LaunchScreen.storyboard; sourceTree = "<group>"; };
		03996FDB256C3BF100439252 /* Info.plist */ = {isa = PBXFileReference; lastKnownFileType = text.plist.xml; path = Info.plist; sourceTree = "<group>"; };
		03996FE0256C3BF100439252 /* tipTests.xctest */ = {isa = PBXFileReference; explicitFileType = wrapper.cfbundle; includeInIndex = 0; path = tipTests.xctest; sourceTree = BUILT_PRODUCTS_DIR; };
		03996FE4256C3BF100439252 /* tipTests.swift */ = {isa = PBXFileReference; lastKnownFileType = sourcecode.swift; path = tipTests.swift; sourceTree = "<group>"; };
		03996FE6256C3BF100439252 /* Info.plist */ = {isa = PBXFileReference; lastKnownFileType = text.plist.xml; path = Info.plist; sourceTree = "<group>"; };
		03996FEB256C3BF100439252 /* tipUITests.xctest */ = {isa = PBXFileReference; explicitFileType = wrapper.cfbundle; includeInIndex = 0; path = tipUITests.xctest; sourceTree = BUILT_PRODUCTS_DIR; };
		03996FEF256C3BF100439252 /* tipUITests.swift */ = {isa = PBXFileReference; lastKnownFileType = sourcecode.swift; path = tipUITests.swift; sourceTree = "<group>"; };
		03996FF1256C3BF100439252 /* Info.plist */ = {isa = PBXFileReference; lastKnownFileType = text.plist.xml; path = Info.plist; sourceTree = "<group>"; };
/* End PBXFileReference section */

/* Begin PBXFrameworksBuildPhase section */
		03996FC7256C3BF000439252 /* Frameworks */ = {
			isa = PBXFrameworksBuildPhase;
			buildActionMask = 2147483647;
			files = (
			);
			runOnlyForDeploymentPostprocessing = 0;
		};
		03996FDD256C3BF100439252 /* Frameworks */ = {
			isa = PBXFrameworksBuildPhase;
			buildActionMask = 2147483647;
			files = (
			);
			runOnlyForDeploymentPostprocessing = 0;
		};
		03996FE8256C3BF100439252 /* Frameworks */ = {
			isa = PBXFrameworksBuildPhase;
			buildActionMask = 2147483647;
			files = (
			);
			runOnlyForDeploymentPostprocessing = 0;
		};
/* End PBXFrameworksBuildPhase section */

/* Begin PBXGroup section */
		03996FC1256C3BF000439252 = {
			isa = PBXGroup;
			children = (
				03996FCC256C3BF000439252 /* tip */,
				03996FE3256C3BF100439252 /* tipTests */,
				03996FEE256C3BF100439252 /* tipUITests */,
				03996FCB256C3BF000439252 /* Products */,
			);
			sourceTree = "<group>";
		};
		03996FCB256C3BF000439252 /* Products */ = {
			isa = PBXGroup;
			children = (
				03996FCA256C3BF000439252 /* tip.app */,
				03996FE0256C3BF100439252 /* tipTests.xctest */,
				03996FEB256C3BF100439252 /* tipUITests.xctest */,
			);
			name = Products;
			sourceTree = "<group>";
		};
		03996FCC256C3BF000439252 /* tip */ = {
			isa = PBXGroup;
			children = (
				03996FCD256C3BF100439252 /* AppDelegate.swift */,
				03996FCF256C3BF100439252 /* SceneDelegate.swift */,
				03996FD1256C3BF100439252 /* ViewController.swift */,
				03996FD3256C3BF100439252 /* Main.storyboard */,
				03996FD6256C3BF100439252 /* Assets.xcassets */,
				03996FD8256C3BF100439252 /* LaunchScreen.storyboard */,
				03996FDB256C3BF100439252 /* Info.plist */,
			);
			path = tip;
			sourceTree = "<group>";
		};
		03996FE3256C3BF100439252 /* tipTests */ = {
			isa = PBXGroup;
			children = (
				03996FE4256C3BF100439252 /* tipTests.swift */,
				03996FE6256C3BF100439252 /* Info.plist */,
			);
			path = tipTests;
			sourceTree = "<group>";
		};
		03996FEE256C3BF100439252 /* tipUITests */ = {
			isa = PBXGroup;
			children = (
				03996FEF256C3BF100439252 /* tipUITests.swift */,
				03996FF1256C3BF100439252 /* Info.plist */,
			);
			path = tipUITests;
			sourceTree = "<group>";
		};
/* End PBXGroup section */

/* Begin PBXNativeTarget section */
		03996FC9256C3BF000439252 /* tip */ = {
			isa = PBXNativeTarget;
			buildConfigurationList = 03996FF4256C3BF200439252 /* Build configuration list for PBXNativeTarget "tip" */;
			buildPhases = (
				03996FC6256C3BF000439252 /* Sources */,
				03996FC7256C3BF000439252 /* Frameworks */,
				03996FC8256C3BF000439252 /* Resources */,
			);
			buildRules = (
			);
			dependencies = (
			);
			name = tip;
			productName = tip;
			productReference = 03996FCA256C3BF000439252 /* tip.app */;
			productType = "com.apple.product-type.application";
		};
		03996FDF256C3BF100439252 /* tipTests */ = {
			isa = PBXNativeTarget;
			buildConfigurationList = 03996FF7256C3BF200439252 /* Build configuration list for PBXNativeTarget "tipTests" */;
			buildPhases = (
				03996FDC256C3BF100439252 /* Sources */,
				03996FDD256C3BF100439252 /* Frameworks */,
				03996FDE256C3BF100439252 /* Resources */,
			);
			buildRules = (
			);
			dependencies = (
				03996FE2256C3BF100439252 /* PBXTargetDependency */,
			);
			name = tipTests;
			productName = tipTests;
			productReference = 03996FE0256C3BF100439252 /* tipTests.xctest */;
			productType = "com.apple.product-type.bundle.unit-test";
		};
		03996FEA256C3BF100439252 /* tipUITests */ = {
			isa = PBXNativeTarget;
			buildConfigurationList = 03996FFA256C3BF200439252 /* Build configuration list for PBXNativeTarget "tipUITests" */;
			buildPhases = (
				03996FE7256C3BF100439252 /* Sources */,
				03996FE8256C3BF100439252 /* Frameworks */,
				03996FE9256C3BF100439252 /* Resources */,
			);
			buildRules = (
			);
			dependencies = (
				03996FED256C3BF100439252 /* PBXTargetDependency */,
			);
			name = tipUITests;
			productName = tipUITests;
			productReference = 03996FEB256C3BF100439252 /* tipUITests.xctest */;
			productType = "com.apple.product-type.bundle.ui-testing";
		};
/* End PBXNativeTarget section */

/* Begin PBXProject section */
		03996FC2256C3BF000439252 /* Project object */ = {
			isa = PBXProject;
			attributes = {
				LastSwiftUpdateCheck = 1220;
				LastUpgradeCheck = 1220;
				TargetAttributes = {
					03996FC9256C3BF000439252 = {
						CreatedOnToolsVersion = 12.2;
					};
					03996FDF256C3BF100439252 = {
						CreatedOnToolsVersion = 12.2;
						TestTargetID = 03996FC9256C3BF000439252;
					};
					03996FEA256C3BF100439252 = {
						CreatedOnToolsVersion = 12.2;
						TestTargetID = 03996FC9256C3BF000439252;
					};
				};
			};
			buildConfigurationList = 03996FC5256C3BF000439252 /* Build configuration list for PBXProject "tip" */;
			compatibilityVersion = "Xcode 9.3";
			developmentRegion = en;
			hasScannedForEncodings = 0;
			knownRegions = (
				en,
				Base,
			);
			mainGroup = 03996FC1256C3BF000439252;
			productRefGroup = 03996FCB256C3BF000439252 /* Products */;
			projectDirPath = "";
			projectRoot = "";
			targets = (
				03996FC9256C3BF000439252 /* tip */,
				03996FDF256C3BF100439252 /* tipTests */,
				03996FEA256C3BF100439252 /* tipUITests */,
			);
		};
/* End PBXProject section */

/* Begin PBXResourcesBuildPhase section */
		03996FC8256C3BF000439252 /* Resources */ = {
			isa = PBXResourcesBuildPhase;
			buildActionMask = 2147483647;
			files = (
				03996FDA256C3BF100439252 /* LaunchScreen.storyboard in Resources */,
				03996FD7256C3BF100439252 /* Assets.xcassets in Resources */,
				03996FD5256C3BF100439252 /* Main.storyboard in Resources */,
			);
			runOnlyForDeploymentPostprocessing = 0;
		};
		03996FDE256C3BF100439252 /* Resources */ = {
			isa = PBXResourcesBuildPhase;
			buildActionMask = 2147483647;
			files = (
			);
			runOnlyForDeploymentPostprocessing = 0;
		};
		03996FE9256C3BF100439252 /* Resources */ = {
			isa = PBXResourcesBuildPhase;
			buildActionMask = 2147483647;
			files = (
			);
			runOnlyForDeploymentPostprocessing = 0;
		};
/* End PBXResourcesBuildPhase section */

/* Begin PBXSourcesBuildPhase section */
		03996FC6256C3BF000439252 /* Sources */ = {
			isa = PBXSourcesBuildPhase;
			buildActionMask = 2147483647;
			files = (
				03996FD2256C3BF100439252 /* ViewController.swift in Sources */,
				03996FCE256C3BF100439252 /* AppDelegate.swift in Sources */,
				03996FD0256C3BF100439252 /* SceneDelegate.swift in Sources */,
			);
			runOnlyForDeploymentPostprocessing = 0;
		};
		03996FDC256C3BF100439252 /* Sources */ = {
			isa = PBXSourcesBuildPhase;
			buildActionMask = 2147483647;
			files = (
				03996FE5256C3BF100439252 /* tipTests.swift in Sources */,
			);
			runOnlyForDeploymentPostprocessing = 0;
		};
		03996FE7256C3BF100439252 /* Sources */ = {
			isa = PBXSourcesBuildPhase;
			buildActionMask = 2147483647;
			files = (
				03996FF0256C3BF100439252 /* tipUITests.swift in Sources */,
			);
			runOnlyForDeploymentPostprocessing = 0;
		};
/* End PBXSourcesBuildPhase section */

/* Begin PBXTargetDependency section */
		03996FE2256C3BF100439252 /* PBXTargetDependency */ = {
			isa = PBXTargetDependency;
			target = 03996FC9256C3BF000439252 /* tip */;
			targetProxy = 03996FE1256C3BF100439252 /* PBXContainerItemProxy */;
		};
		03996FED256C3BF100439252 /* PBXTargetDependency */ = {
			isa = PBXTargetDependency;
			target = 03996FC9256C3BF000439252 /* tip */;
			targetProxy = 03996FEC256C3BF100439252 /* PBXContainerItemProxy */;
		};
/* End PBXTargetDependency section */

/* Begin PBXVariantGroup section */
		03996FD3256C3BF100439252 /* Main.storyboard */ = {
			isa = PBXVariantGroup;
			children = (
				03996FD4256C3BF100439252 /* Base */,
			);
			name = Main.storyboard;
			sourceTree = "<group>";
		};
		03996FD8256C3BF100439252 /* LaunchScreen.storyboard */ = {
			isa = PBXVariantGroup;
			children = (
				03996FD9256C3BF100439252 /* Base */,
			);
			name = LaunchScreen.storyboard;
			sourceTree = "<group>";
		};
/* End PBXVariantGroup section */

/* Begin XCBuildConfiguration section */
		03996FF2256C3BF200439252 /* Debug */ = {
			isa = XCBuildConfiguration;
			buildSettings = {
				ALWAYS_SEARCH_USER_PATHS = NO;
				CLANG_ANALYZER_NONNULL = YES;
				CLANG_ANALYZER_NUMBER_OBJECT_CONVERSION = YES_AGGRESSIVE;
				CLANG_CXX_LANGUAGE_STANDARD = "gnu++14";
				CLANG_CXX_LIBRARY = "libc++";
				CLANG_ENABLE_MODULES = YES;
				CLANG_ENABLE_OBJC_ARC = YES;
				CLANG_ENABLE_OBJC_WEAK = YES;
				CLANG_WARN_BLOCK_CAPTURE_AUTORELEASING = YES;
				CLANG_WARN_BOOL_CONVERSION = YES;
				CLANG_WARN_COMMA = YES;
				CLANG_WARN_CONSTANT_CONVERSION = YES;
				CLANG_WARN_DEPRECATED_OBJC_IMPLEMENTATIONS = YES;
				CLANG_WARN_DIRECT_OBJC_ISA_USAGE = YES_ERROR;
				CLANG_WARN_DOCUMENTATION_COMMENTS = YES;
				CLANG_WARN_EMPTY_BODY = YES;
				CLANG_WARN_ENUM_CONVERSION = YES;
				CLANG_WARN_INFINITE_RECURSION = YES;
				CLANG_WARN_INT_CONVERSION = YES;
				CLANG_WARN_NON_LITERAL_NULL_CONVERSION = YES;
				CLANG_WARN_OBJC_IMPLICIT_RETAIN_SELF = YES;
				CLANG_WARN_OBJC_LITERAL_CONVERSION = YES;
				CLANG_WARN_OBJC_ROOT_CLASS = YES_ERROR;
				CLANG_WARN_QUOTED_INCLUDE_IN_FRAMEWORK_HEADER = YES;
				CLANG_WARN_RANGE_LOOP_ANALYSIS = YES;
				CLANG_WARN_STRICT_PROTOTYPES = YES;
				CLANG_WARN_SUSPICIOUS_MOVE = YES;
				CLANG_WARN_UNGUARDED_AVAILABILITY = YES_AGGRESSIVE;
				CLANG_WARN_UNREACHABLE_CODE = YES;
				CLANG_WARN__DUPLICATE_METHOD_MATCH = YES;
				COPY_PHASE_STRIP = NO;
				DEBUG_INFORMATION_FORMAT = dwarf;
				ENABLE_STRICT_OBJC_MSGSEND = YES;
				ENABLE_TESTABILITY = YES;
				GCC_C_LANGUAGE_STANDARD = gnu11;
				GCC_DYNAMIC_NO_PIC = NO;
				GCC_NO_COMMON_BLOCKS = YES;
				GCC_OPTIMIZATION_LEVEL = 0;
				GCC_PREPROCESSOR_DEFINITIONS = (
					"DEBUG=1",
					"$(inherited)",
				);
				GCC_WARN_64_TO_32_BIT_CONVERSION = YES;
				GCC_WARN_ABOUT_RETURN_TYPE = YES_ERROR;
				GCC_WARN_UNDECLARED_SELECTOR = YES;
				GCC_WARN_UNINITIALIZED_AUTOS = YES_AGGRESSIVE;
				GCC_WARN_UNUSED_FUNCTION = YES;
				GCC_WARN_UNUSED_VARIABLE = YES;
				IPHONEOS_DEPLOYMENT_TARGET = 14.2;
				MTL_ENABLE_DEBUG_INFO = INCLUDE_SOURCE;
				MTL_FAST_MATH = YES;
				ONLY_ACTIVE_ARCH = YES;
				SDKROOT = iphoneos;
				SWIFT_ACTIVE_COMPILATION_CONDITIONS = DEBUG;
				SWIFT_OPTIMIZATION_LEVEL = "-Onone";
			};
			name = Debug;
		};
		03996FF3256C3BF200439252 /* Release */ = {
			isa = XCBuildConfiguration;
			buildSettings = {
				ALWAYS_SEARCH_USER_PATHS = NO;
				CLANG_ANALYZER_NONNULL = YES;
				CLANG_ANALYZER_NUMBER_OBJECT_CONVERSION = YES_AGGRESSIVE;
				CLANG_CXX_LANGUAGE_STANDARD = "gnu++14";
				CLANG_CXX_LIBRARY = "libc++";
				CLANG_ENABLE_MODULES = YES;
				CLANG_ENABLE_OBJC_ARC = YES;
				CLANG_ENABLE_OBJC_WEAK = YES;
				CLANG_WARN_BLOCK_CAPTURE_AUTORELEASING = YES;
				CLANG_WARN_BOOL_CONVERSION = YES;
				CLANG_WARN_COMMA = YES;
				CLANG_WARN_CONSTANT_CONVERSION = YES;
				CLANG_WARN_DEPRECATED_OBJC_IMPLEMENTATIONS = YES;
				CLANG_WARN_DIRECT_OBJC_ISA_USAGE = YES_ERROR;
				CLANG_WARN_DOCUMENTATION_COMMENTS = YES;
				CLANG_WARN_EMPTY_BODY = YES;
				CLANG_WARN_ENUM_CONVERSION = YES;
				CLANG_WARN_INFINITE_RECURSION = YES;
				CLANG_WARN_INT_CONVERSION = YES;
				CLANG_WARN_NON_LITERAL_NULL_CONVERSION = YES;
				CLANG_WARN_OBJC_IMPLICIT_RETAIN_SELF = YES;
				CLANG_WARN_OBJC_LITERAL_CONVERSION = YES;
				CLANG_WARN_OBJC_ROOT_CLASS = YES_ERROR;
				CLANG_WARN_QUOTED_INCLUDE_IN_FRAMEWORK_HEADER = YES;
				CLANG_WARN_RANGE_LOOP_ANALYSIS = YES;
				CLANG_WARN_STRICT_PROTOTYPES = YES;
				CLANG_WARN_SUSPICIOUS_MOVE = YES;
				CLANG_WARN_UNGUARDED_AVAILABILITY = YES_AGGRESSIVE;
				CLANG_WARN_UNREACHABLE_CODE = YES;
				CLANG_WARN__DUPLICATE_METHOD_MATCH = YES;
				COPY_PHASE_STRIP = NO;
				DEBUG_INFORMATION_FORMAT = "dwarf-with-dsym";
				ENABLE_NS_ASSERTIONS = NO;
				ENABLE_STRICT_OBJC_MSGSEND = YES;
				GCC_C_LANGUAGE_STANDARD = gnu11;
				GCC_NO_COMMON_BLOCKS = YES;
				GCC_WARN_64_TO_32_BIT_CONVERSION = YES;
				GCC_WARN_ABOUT_RETURN_TYPE = YES_ERROR;
				GCC_WARN_UNDECLARED_SELECTOR = YES;
				GCC_WARN_UNINITIALIZED_AUTOS = YES_AGGRESSIVE;
				GCC_WARN_UNUSED_FUNCTION = YES;
				GCC_WARN_UNUSED_VARIABLE = YES;
				IPHONEOS_DEPLOYMENT_TARGET = 14.2;
				MTL_ENABLE_DEBUG_INFO = NO;
				MTL_FAST_MATH = YES;
				SDKROOT = iphoneos;
				SWIFT_COMPILATION_MODE = wholemodule;
				SWIFT_OPTIMIZATION_LEVEL = "-O";
				VALIDATE_PRODUCT = YES;
			};
			name = Release;
		};
		03996FF5256C3BF200439252 /* Debug */ = {
			isa = XCBuildConfiguration;
			buildSettings = {
				ASSETCATALOG_COMPILER_APPICON_NAME = AppIcon;
				ASSETCATALOG_COMPILER_GLOBAL_ACCENT_COLOR_NAME = AccentColor;
				CODE_SIGN_STYLE = Automatic;
				DEVELOPMENT_TEAM = UF8W267V78;
				INFOPLIST_FILE = tip/Info.plist;
				LD_RUNPATH_SEARCH_PATHS = (
					"$(inherited)",
					"@executable_path/Frameworks",
				);
				PRODUCT_BUNDLE_IDENTIFIER = com.malikstudios.tip;
				PRODUCT_NAME = "$(TARGET_NAME)";
				SWIFT_VERSION = 5.0;
				TARGETED_DEVICE_FAMILY = "1,2";
			};
			name = Debug;
		};
		03996FF6256C3BF200439252 /* Release */ = {
			isa = XCBuildConfiguration;
			buildSettings = {
				ASSETCATALOG_COMPILER_APPICON_NAME = AppIcon;
				ASSETCATALOG_COMPILER_GLOBAL_ACCENT_COLOR_NAME = AccentColor;
				CODE_SIGN_STYLE = Automatic;
				DEVELOPMENT_TEAM = UF8W267V78;
				INFOPLIST_FILE = tip/Info.plist;
				LD_RUNPATH_SEARCH_PATHS = (
					"$(inherited)",
					"@executable_path/Frameworks",
				);
				PRODUCT_BUNDLE_IDENTIFIER = com.malikstudios.tip;
				PRODUCT_NAME = "$(TARGET_NAME)";
				SWIFT_VERSION = 5.0;
				TARGETED_DEVICE_FAMILY = "1,2";
			};
			name = Release;
		};
		03996FF8256C3BF200439252 /* Debug */ = {
			isa = XCBuildConfiguration;
			buildSettings = {
				ALWAYS_EMBED_SWIFT_STANDARD_LIBRARIES = YES;
				BUNDLE_LOADER = "$(TEST_HOST)";
				CODE_SIGN_STYLE = Automatic;
				DEVELOPMENT_TEAM = UF8W267V78;
				INFOPLIST_FILE = tipTests/Info.plist;
				IPHONEOS_DEPLOYMENT_TARGET = 14.2;
				LD_RUNPATH_SEARCH_PATHS = (
					"$(inherited)",
					"@executable_path/Frameworks",
					"@loader_path/Frameworks",
				);
				PRODUCT_BUNDLE_IDENTIFIER = com.malikstudios.tipTests;
				PRODUCT_NAME = "$(TARGET_NAME)";
				SWIFT_VERSION = 5.0;
				TARGETED_DEVICE_FAMILY = "1,2";
				TEST_HOST = "$(BUILT_PRODUCTS_DIR)/tip.app/tip";
			};
			name = Debug;
		};
		03996FF9256C3BF200439252 /* Release */ = {
			isa = XCBuildConfiguration;
			buildSettings = {
				ALWAYS_EMBED_SWIFT_STANDARD_LIBRARIES = YES;
				BUNDLE_LOADER = "$(TEST_HOST)";
				CODE_SIGN_STYLE = Automatic;
				DEVELOPMENT_TEAM = UF8W267V78;
				INFOPLIST_FILE = tipTests/Info.plist;
				IPHONEOS_DEPLOYMENT_TARGET = 14.2;
				LD_RUNPATH_SEARCH_PATHS = (
					"$(inherited)",
					"@executable_path/Frameworks",
					"@loader_path/Frameworks",
				);
				PRODUCT_BUNDLE_IDENTIFIER = com.malikstudios.tipTests;
				PRODUCT_NAME = "$(TARGET_NAME)";
				SWIFT_VERSION = 5.0;
				TARGETED_DEVICE_FAMILY = "1,2";
				TEST_HOST = "$(BUILT_PRODUCTS_DIR)/tip.app/tip";
			};
			name = Release;
		};
		03996FFB256C3BF200439252 /* Debug */ = {
			isa = XCBuildConfiguration;
			buildSettings = {
				ALWAYS_EMBED_SWIFT_STANDARD_LIBRARIES = YES;
				CODE_SIGN_STYLE = Automatic;
				DEVELOPMENT_TEAM = UF8W267V78;
				INFOPLIST_FILE = tipUITests/Info.plist;
				LD_RUNPATH_SEARCH_PATHS = (
					"$(inherited)",
					"@executable_path/Frameworks",
					"@loader_path/Frameworks",
				);
				PRODUCT_BUNDLE_IDENTIFIER = com.malikstudios.tipUITests;
				PRODUCT_NAME = "$(TARGET_NAME)";
				SWIFT_VERSION = 5.0;
				TARGETED_DEVICE_FAMILY = "1,2";
				TEST_TARGET_NAME = tip;
			};
			name = Debug;
		};
		03996FFC256C3BF200439252 /* Release */ = {
			isa = XCBuildConfiguration;
			buildSettings = {
				ALWAYS_EMBED_SWIFT_STANDARD_LIBRARIES = YES;
				CODE_SIGN_STYLE = Automatic;
				DEVELOPMENT_TEAM = UF8W267V78;
				INFOPLIST_FILE = tipUITests/Info.plist;
				LD_RUNPATH_SEARCH_PATHS = (
					"$(inherited)",
					"@executable_path/Frameworks",
					"@loader_path/Frameworks",
				);
				PRODUCT_BUNDLE_IDENTIFIER = com.malikstudios.tipUITests;
				PRODUCT_NAME = "$(TARGET_NAME)";
				SWIFT_VERSION = 5.0;
				TARGETED_DEVICE_FAMILY = "1,2";
				TEST_TARGET_NAME = tip;
			};
			name = Release;
		};
/* End XCBuildConfiguration section */

/* Begin XCConfigurationList section */
		03996FC5256C3BF000439252 /* Build configuration list for PBXProject "tip" */ = {
			isa = XCConfigurationList;
			buildConfigurations = (
				03996FF2256C3BF200439252 /* Debug */,
				03996FF3256C3BF200439252 /* Release */,
			);
			defaultConfigurationIsVisible = 0;
			defaultConfigurationName = Release;
		};
		03996FF4256C3BF200439252 /* Build configuration list for PBXNativeTarget "tip" */ = {
			isa = XCConfigurationList;
			buildConfigurations = (
				03996FF5256C3BF200439252 /* Debug */,
				03996FF6256C3BF200439252 /* Release */,
			);
			defaultConfigurationIsVisible = 0;
			defaultConfigurationName = Release;
		};
		03996FF7256C3BF200439252 /* Build configuration list for PBXNativeTarget "tipTests" */ = {
			isa = XCConfigurationList;
			buildConfigurations = (
				03996FF8256C3BF200439252 /* Debug */,
				03996FF9256C3BF200439252 /* Release */,
			);
			defaultConfigurationIsVisible = 0;
			defaultConfigurationName = Release;
		};
		03996FFA256C3BF200439252 /* Build configuration list for PBXNativeTarget "tipUITests" */ = {
			isa = XCConfigurationList;
			buildConfigurations = (
				03996FFB256C3BF200439252 /* Debug */,
				03996FFC256C3BF200439252 /* Release */,
			);
			defaultConfigurationIsVisible = 0;
			defaultConfigurationName = Release;
		};
/* End XCConfigurationList section */
	};
	rootObject = 03996FC2256C3BF000439252 /* Project object */;
}
